{
    "_meta": {
        "hash": {
            "sha256": "7e41685569c591cd801dab864ed5b541dc0b104ab6a0edee0f487c165263429f"
        },
        "pipfile-spec": 6,
        "requires": {
            "python_version": "3.10"
        },
        "sources": [
            {
                "name": "pypi",
                "url": "https://pypi.python.org/simple",
                "verify_ssl": true
            }
        ]
    },
    "default": {
        "passlib": {
            "extras": [
                "bcrypt"
            ]
        },
        "python-jose": {
            "extras": [
                "cryptography"
            ]
        },
        "uvicorn": {
            "extras": [
                "standard"
            ]
        }
    },
    "develop": {}
}
